
Microsoft Visual Studio Solution File, Format Version 12.00
# Visual Studio Version 17
VisualStudioVersion = 17.14.36327.8
MinimumVisualStudioVersion = 10.0.40219.1
Project("{FAE04EC0-301F-11D3-BF4B-00C04F79EFBC}") = "CatalogService", "CatalogService\CatalogService.csproj", "{C2AD676B-4C0D-4FB3-8B15-C68FE04FA82E}"
EndProject
Project("{FAE04EC0-301F-11D3-BF4B-00C04F79EFBC}") = "OrderService", "OrderService\OrderService.csproj", "{15932D7A-36EE-456C-A5F7-A953A17F7C4B}"
EndProject
Project("{FAE04EC0-301F-11D3-BF4B-00C04F79EFBC}") = "APIGateway", "APIGateway\APIGateway.csproj", "{ADB4AF40-27F1-4C05-800C-8A41E8579D52}"
EndProject
Project("{FAE04EC0-301F-11D3-BF4B-00C04F79EFBC}") = "PaymentService", "PaymentService\PaymentService.csproj", "{D3C524F1-DB4E-437D-9845-5321556C4F80}"
EndProject
Project("{FAE04EC0-301F-11D3-BF4B-00C04F79EFBC}") = "UserService", "UserService\UserService.csproj", "{09A45FE6-C8C0-4A96-9BD3-CA33CEED8F39}"
EndProject
Project("{FAE04EC0-301F-11D3-BF4B-00C04F79EFBC}") = "HealthChecksDashboard", "HealthChecksDashboard\HealthChecksDashboard.csproj", "{E490584D-E352-48AB-8B05-9585A5F5FA71}"
EndProject
Global
	GlobalSection(SolutionConfigurationPlatforms) = preSolution
		Debug|Any CPU = Debug|Any CPU
		Release|Any CPU = Release|Any CPU
	EndGlobalSection
	GlobalSection(ProjectConfigurationPlatforms) = postSolution
		{C2AD676B-4C0D-4FB3-8B15-C68FE04FA82E}.Debug|Any CPU.ActiveCfg = Debug|Any CPU
		{C2AD676B-4C0D-4FB3-8B15-C68FE04FA82E}.Debug|Any CPU.Build.0 = Debug|Any CPU
		{C2AD676B-4C0D-4FB3-8B15-C68FE04FA82E}.Release|Any CPU.ActiveCfg = Release|Any CPU
		{C2AD676B-4C0D-4FB3-8B15-C68FE04FA82E}.Release|Any CPU.Build.0 = Release|Any CPU
		{15932D7A-36EE-456C-A5F7-A953A17F7C4B}.Debug|Any CPU.ActiveCfg = Debug|Any CPU
		{15932D7A-36EE-456C-A5F7-A953A17F7C4B}.Debug|Any CPU.Build.0 = Debug|Any CPU
		{15932D7A-36EE-456C-A5F7-A953A17F7C4B}.Release|Any CPU.ActiveCfg = Release|Any CPU
		{15932D7A-36EE-456C-A5F7-A953A17F7C4B}.Release|Any CPU.Build.0 = Release|Any CPU
		{ADB4AF40-27F1-4C05-800C-8A41E8579D52}.Debug|Any CPU.ActiveCfg = Debug|Any CPU
		{ADB4AF40-27F1-4C05-800C-8A41E8579D52}.Debug|Any CPU.Build.0 = Debug|Any CPU
		{ADB4AF40-27F1-4C05-800C-8A41E8579D52}.Release|Any CPU.ActiveCfg = Release|Any CPU
		{ADB4AF40-27F1-4C05-800C-8A41E8579D52}.Release|Any CPU.Build.0 = Release|Any CPU
		{D3C524F1-DB4E-437D-9845-5321556C4F80}.Debug|Any CPU.ActiveCfg = Debug|Any CPU
		{D3C524F1-DB4E-437D-9845-5321556C4F80}.Debug|Any CPU.Build.0 = Debug|Any CPU
		{D3C524F1-DB4E-437D-9845-5321556C4F80}.Release|Any CPU.ActiveCfg = Release|Any CPU
		{D3C524F1-DB4E-437D-9845-5321556C4F80}.Release|Any CPU.Build.0 = Release|Any CPU
		{09A45FE6-C8C0-4A96-9BD3-CA33CEED8F39}.Debug|Any CPU.ActiveCfg = Debug|Any CPU
		{09A45FE6-C8C0-4A96-9BD3-CA33CEED8F39}.Debug|Any CPU.Build.0 = Debug|Any CPU
		{09A45FE6-C8C0-4A96-9BD3-CA33CEED8F39}.Release|Any CPU.ActiveCfg = Release|Any CPU
		{09A45FE6-C8C0-4A96-9BD3-CA33CEED8F39}.Release|Any CPU.Build.0 = Release|Any CPU
		{E490584D-E352-48AB-8B05-9585A5F5FA71}.Debug|Any CPU.ActiveCfg = Debug|Any CPU
		{E490584D-E352-48AB-8B05-9585A5F5FA71}.Debug|Any CPU.Build.0 = Debug|Any CPU
		{E490584D-E352-48AB-8B05-9585A5F5FA71}.Release|Any CPU.ActiveCfg = Release|Any CPU
		{E490584D-E352-48AB-8B05-9585A5F5FA71}.Release|Any CPU.Build.0 = Release|Any CPU
	EndGlobalSection
	GlobalSection(SolutionProperties) = preSolution
		HideSolutionNode = FALSE
	EndGlobalSection
	GlobalSection(ExtensibilityGlobals) = postSolution
		SolutionGuid = {F67532D8-2F02-4C77-850E-3204EA2F39C1}
	EndGlobalSection
EndGlobal
